
Microsoft Visual Studio Solution File, Format Version 12.00
# Visual Studio Version 17
VisualStudioVersion = 17.0.32014.148
MinimumVisualStudioVersion = 10.0.40219.1
Project("{9A19103F-16F7-4668-BE54-9A1E7A4F7556}") = "HelloTriangle", "HelloTriangle\HelloTriangle.csproj", "{F78476F6-6BB2-4CD0-B50B-98A7220040C5}"
EndProject
Project("{9A19103F-16F7-4668-BE54-9A1E7A4F7556}") = "Shaders", "Shaders\Shaders.csproj", "{40C1B5AC-29FA-4F85-A571-A58DF8F37BE1}"
EndProject
Project("{9A19103F-16F7-4668-BE54-9A1E7A4F7556}") = "HelloWindow", "HelloWindow\HelloWindow.csproj", "{49ECCD03-8FAA-447B-8C13-784A4261C4DC}"
EndProject
Project("{9A19103F-16F7-4668-BE54-9A1E7A4F7556}") = "Textures", "Textures\Textures.csproj", "{151257EA-AC5A-4C5B-85A9-4EE7EA937217}"
EndProject
Project("{9A19103F-16F7-4668-BE54-9A1E7A4F7556}") = "Transformations", "Transformations\Transformations.csproj", "{4F649435-C8AC-46B5-81C0-5115DFB730C0}"
EndProject
Project("{9A19103F-16F7-4668-BE54-9A1E7A4F7556}") = "CoordinateSystem", "CoordinateSystem\CoordinateSystem.csproj", "{BB4C7459-36FE-470B-93BD-0BFDC781171C}"
EndProject
Project("{9A19103F-16F7-4668-BE54-9A1E7A4F7556}") = "OpenGL.Extension", "Shader\OpenGL.Extension.csproj", "{8C425208-38B6-4807-8E53-91ACC517E3EF}"
EndProject
Project("{2150E333-8FDC-42A3-9474-1A3956D46DE8}") = "GettingStarted", "GettingStarted", "{67111ADB-4621-4869-B641-2AB971B52DA6}"
EndProject
Project("{9A19103F-16F7-4668-BE54-9A1E7A4F7556}") = "Camera", "Camera\Camera.csproj", "{E44DC776-1E0A-449B-9736-C2F4E94C0D98}"
EndProject
Project("{2150E333-8FDC-42A3-9474-1A3956D46DE8}") = "ModelLoading", "ModelLoading", "{1A61A618-4F4F-4393-B0A2-FC6EBEC85111}"
EndProject
Project("{9A19103F-16F7-4668-BE54-9A1E7A4F7556}") = "Mesh", "Assimp\Mesh.csproj", "{8F268DA0-F09E-4984-8B27-760C6E913FE2}"
EndProject
Project("{2150E333-8FDC-42A3-9474-1A3956D46DE8}") = "Lighting", "Lighting", "{BAA337DC-0DE2-4345-93C3-F9F8CA37782A}"
EndProject
Project("{9A19103F-16F7-4668-BE54-9A1E7A4F7556}") = "Colors", "Colors\Colors.csproj", "{D29951A3-DE86-4ECB-8206-35DBC5C70273}"
EndProject
Project("{FAE04EC0-301F-11D3-BF4B-00C04F79EFBC}") = "BasicLighting", "BasicLighting\BasicLighting.csproj", "{7C6F66FC-839B-43D3-AB7E-55DAF68E9EAD}"
EndProject
Global
	GlobalSection(SolutionConfigurationPlatforms) = preSolution
		Debug|Any CPU = Debug|Any CPU
		Release|Any CPU = Release|Any CPU
	EndGlobalSection
	GlobalSection(ProjectConfigurationPlatforms) = postSolution
		{F78476F6-6BB2-4CD0-B50B-98A7220040C5}.Debug|Any CPU.ActiveCfg = Debug|Any CPU
		{F78476F6-6BB2-4CD0-B50B-98A7220040C5}.Debug|Any CPU.Build.0 = Debug|Any CPU
		{F78476F6-6BB2-4CD0-B50B-98A7220040C5}.Release|Any CPU.ActiveCfg = Release|Any CPU
		{F78476F6-6BB2-4CD0-B50B-98A7220040C5}.Release|Any CPU.Build.0 = Release|Any CPU
		{40C1B5AC-29FA-4F85-A571-A58DF8F37BE1}.Debug|Any CPU.ActiveCfg = Debug|Any CPU
		{40C1B5AC-29FA-4F85-A571-A58DF8F37BE1}.Debug|Any CPU.Build.0 = Debug|Any CPU
		{40C1B5AC-29FA-4F85-A571-A58DF8F37BE1}.Release|Any CPU.ActiveCfg = Release|Any CPU
		{40C1B5AC-29FA-4F85-A571-A58DF8F37BE1}.Release|Any CPU.Build.0 = Release|Any CPU
		{49ECCD03-8FAA-447B-8C13-784A4261C4DC}.Debug|Any CPU.ActiveCfg = Debug|Any CPU
		{49ECCD03-8FAA-447B-8C13-784A4261C4DC}.Debug|Any CPU.Build.0 = Debug|Any CPU
		{49ECCD03-8FAA-447B-8C13-784A4261C4DC}.Release|Any CPU.ActiveCfg = Release|Any CPU
		{49ECCD03-8FAA-447B-8C13-784A4261C4DC}.Release|Any CPU.Build.0 = Release|Any CPU
		{151257EA-AC5A-4C5B-85A9-4EE7EA937217}.Debug|Any CPU.ActiveCfg = Debug|Any CPU
		{151257EA-AC5A-4C5B-85A9-4EE7EA937217}.Debug|Any CPU.Build.0 = Debug|Any CPU
		{151257EA-AC5A-4C5B-85A9-4EE7EA937217}.Release|Any CPU.ActiveCfg = Release|Any CPU
		{151257EA-AC5A-4C5B-85A9-4EE7EA937217}.Release|Any CPU.Build.0 = Release|Any CPU
		{4F649435-C8AC-46B5-81C0-5115DFB730C0}.Debug|Any CPU.ActiveCfg = Debug|Any CPU
		{4F649435-C8AC-46B5-81C0-5115DFB730C0}.Debug|Any CPU.Build.0 = Debug|Any CPU
		{4F649435-C8AC-46B5-81C0-5115DFB730C0}.Release|Any CPU.ActiveCfg = Release|Any CPU
		{4F649435-C8AC-46B5-81C0-5115DFB730C0}.Release|Any CPU.Build.0 = Release|Any CPU
		{BB4C7459-36FE-470B-93BD-0BFDC781171C}.Debug|Any CPU.ActiveCfg = Debug|Any CPU
		{BB4C7459-36FE-470B-93BD-0BFDC781171C}.Debug|Any CPU.Build.0 = Debug|Any CPU
		{BB4C7459-36FE-470B-93BD-0BFDC781171C}.Release|Any CPU.ActiveCfg = Release|Any CPU
		{BB4C7459-36FE-470B-93BD-0BFDC781171C}.Release|Any CPU.Build.0 = Release|Any CPU
		{8C425208-38B6-4807-8E53-91ACC517E3EF}.Debug|Any CPU.ActiveCfg = Debug|Any CPU
		{8C425208-38B6-4807-8E53-91ACC517E3EF}.Debug|Any CPU.Build.0 = Debug|Any CPU
		{8C425208-38B6-4807-8E53-91ACC517E3EF}.Release|Any CPU.ActiveCfg = Release|Any CPU
		{8C425208-38B6-4807-8E53-91ACC517E3EF}.Release|Any CPU.Build.0 = Release|Any CPU
		{E44DC776-1E0A-449B-9736-C2F4E94C0D98}.Debug|Any CPU.ActiveCfg = Debug|Any CPU
		{E44DC776-1E0A-449B-9736-C2F4E94C0D98}.Debug|Any CPU.Build.0 = Debug|Any CPU
		{E44DC776-1E0A-449B-9736-C2F4E94C0D98}.Release|Any CPU.ActiveCfg = Release|Any CPU
		{E44DC776-1E0A-449B-9736-C2F4E94C0D98}.Release|Any CPU.Build.0 = Release|Any CPU
		{8F268DA0-F09E-4984-8B27-760C6E913FE2}.Debug|Any CPU.ActiveCfg = Debug|Any CPU
		{8F268DA0-F09E-4984-8B27-760C6E913FE2}.Debug|Any CPU.Build.0 = Debug|Any CPU
		{8F268DA0-F09E-4984-8B27-760C6E913FE2}.Release|Any CPU.ActiveCfg = Release|Any CPU
		{8F268DA0-F09E-4984-8B27-760C6E913FE2}.Release|Any CPU.Build.0 = Release|Any CPU
		{D29951A3-DE86-4ECB-8206-35DBC5C70273}.Debug|Any CPU.ActiveCfg = Debug|Any CPU
		{D29951A3-DE86-4ECB-8206-35DBC5C70273}.Debug|Any CPU.Build.0 = Debug|Any CPU
		{D29951A3-DE86-4ECB-8206-35DBC5C70273}.Release|Any CPU.ActiveCfg = Release|Any CPU
		{D29951A3-DE86-4ECB-8206-35DBC5C70273}.Release|Any CPU.Build.0 = Release|Any CPU
		{7C6F66FC-839B-43D3-AB7E-55DAF68E9EAD}.Debug|Any CPU.ActiveCfg = Debug|Any CPU
		{7C6F66FC-839B-43D3-AB7E-55DAF68E9EAD}.Debug|Any CPU.Build.0 = Debug|Any CPU
		{7C6F66FC-839B-43D3-AB7E-55DAF68E9EAD}.Release|Any CPU.ActiveCfg = Release|Any CPU
		{7C6F66FC-839B-43D3-AB7E-55DAF68E9EAD}.Release|Any CPU.Build.0 = Release|Any CPU
	EndGlobalSection
	GlobalSection(SolutionProperties) = preSolution
		HideSolutionNode = FALSE
	EndGlobalSection
	GlobalSection(NestedProjects) = preSolution
		{F78476F6-6BB2-4CD0-B50B-98A7220040C5} = {67111ADB-4621-4869-B641-2AB971B52DA6}
		{40C1B5AC-29FA-4F85-A571-A58DF8F37BE1} = {67111ADB-4621-4869-B641-2AB971B52DA6}
		{49ECCD03-8FAA-447B-8C13-784A4261C4DC} = {67111ADB-4621-4869-B641-2AB971B52DA6}
		{151257EA-AC5A-4C5B-85A9-4EE7EA937217} = {67111ADB-4621-4869-B641-2AB971B52DA6}
		{4F649435-C8AC-46B5-81C0-5115DFB730C0} = {67111ADB-4621-4869-B641-2AB971B52DA6}
		{BB4C7459-36FE-470B-93BD-0BFDC781171C} = {67111ADB-4621-4869-B641-2AB971B52DA6}
		{E44DC776-1E0A-449B-9736-C2F4E94C0D98} = {67111ADB-4621-4869-B641-2AB971B52DA6}
		{8F268DA0-F09E-4984-8B27-760C6E913FE2} = {1A61A618-4F4F-4393-B0A2-FC6EBEC85111}
		{D29951A3-DE86-4ECB-8206-35DBC5C70273} = {BAA337DC-0DE2-4345-93C3-F9F8CA37782A}
		{7C6F66FC-839B-43D3-AB7E-55DAF68E9EAD} = {BAA337DC-0DE2-4345-93C3-F9F8CA37782A}
	EndGlobalSection
	GlobalSection(ExtensibilityGlobals) = postSolution
		SolutionGuid = {7201FC11-CA66-48B1-83B4-3EFBCE509205}
	EndGlobalSection
EndGlobal
